
Microsoft Visual Studio Solution File, Format Version 12.00
# Visual Studio Version 17
VisualStudioVersion = 17.6.33829.357
MinimumVisualStudioVersion = 10.0.40219.1
Project("{FAE04EC0-301F-11D3-BF4B-00C04F79EFBC}") = "SistemaReparaciones_WEB", "SistemaReparaciones_WEB\SistemaReparaciones_WEB.csproj", "{7DCBCB67-AF1B-423F-AAA4-D1208D360C83}"
EndProject
Global
	GlobalSection(SolutionConfigurationPlatforms) = preSolution
		Debug|Any CPU = Debug|Any CPU
		Release|Any CPU = Release|Any CPU
	EndGlobalSection
	GlobalSection(ProjectConfigurationPlatforms) = postSolution
		{7DCBCB67-AF1B-423F-AAA4-D1208D360C83}.Debug|Any CPU.ActiveCfg = Debug|Any CPU
		{7DCBCB67-AF1B-423F-AAA4-D1208D360C83}.Debug|Any CPU.Build.0 = Debug|Any CPU
		{7DCBCB67-AF1B-423F-AAA4-D1208D360C83}.Release|Any CPU.ActiveCfg = Release|Any CPU
		{7DCBCB67-AF1B-423F-AAA4-D1208D360C83}.Release|Any CPU.Build.0 = Release|Any CPU
	EndGlobalSection
	GlobalSection(SolutionProperties) = preSolution
		HideSolutionNode = FALSE
	EndGlobalSection
	GlobalSection(ExtensibilityGlobals) = postSolution
		SolutionGuid = {C94E44B0-3D09-4F06-BEF3-CB24E8403A97}
	EndGlobalSection
EndGlobal
